// !$*UTF8*$!
{
	archiveVersion = 1;
	classes = {
	};
	objectVersion = 51;
	objects = {

/* Begin PBXBuildFile section */
		11D3058225D168F1000B5018 /* AppDelegate.swift in Sources */ = {isa = PBXBuildFile; fileRef = 11D3058125D168F1000B5018 /* AppDelegate.swift */; };
		11D3058425D168F1000B5018 /* SceneDelegate.swift in Sources */ = {isa = PBXBuildFile; fileRef = 11D3058325D168F1000B5018 /* SceneDelegate.swift */; };
		11D3058625D168F1000B5018 /* ViewController.swift in Sources */ = {isa = PBXBuildFile; fileRef = 11D3058525D168F1000B5018 /* ViewController.swift */; };
		11D3058925D168F1000B5018 /* Main.storyboard in Resources */ = {isa = PBXBuildFile; fileRef = 11D3058725D168F1000B5018 /* Main.storyboard */; };
		11D3058E25D168F5000B5018 /* LaunchScreen.storyboard in Resources */ = {isa = PBXBuildFile; fileRef = 11D3058C25D168F5000B5018 /* LaunchScreen.storyboard */; };
		11D3059F25D16A1C000B5018 /* Film.swift in Sources */ = {isa = PBXBuildFile; fileRef = 11D3059E25D16A1C000B5018 /* Film.swift */; };
		11D305A225D16AF2000B5018 /* Films.swift in Sources */ = {isa = PBXBuildFile; fileRef = 11D305A125D16AF2000B5018 /* Films.swift */; };
		11D305A825D1982E000B5018 /* FilmCollectionViewCell.swift in Sources */ = {isa = PBXBuildFile; fileRef = 11D305A725D1982E000B5018 /* FilmCollectionViewCell.swift */; };
		11D305C525D29887000B5018 /* Starjedi.ttf in Resources */ = {isa = PBXBuildFile; fileRef = 11D305C125D29816000B5018 /* Starjedi.ttf */; };
		11D305CA25D2AF9C000B5018 /* Video.swift in Sources */ = {isa = PBXBuildFile; fileRef = 11D305C925D2AF9C000B5018 /* Video.swift */; };
		11D305CD25D2B0E5000B5018 /* VideoPlayerView.swift in Sources */ = {isa = PBXBuildFile; fileRef = 11D305CC25D2B0E5000B5018 /* VideoPlayerView.swift */; };
		11D305D025D2B15F000B5018 /* VideoLooperView.swift in Sources */ = {isa = PBXBuildFile; fileRef = 11D305CF25D2B15F000B5018 /* VideoLooperView.swift */; };
		11D305F025D2C0F5000B5018 /* videos2.mp4 in Resources */ = {isa = PBXBuildFile; fileRef = 11D305EE25D2C0F5000B5018 /* videos2.mp4 */; };
		11D305F125D2C0F5000B5018 /* videos.mp4 in Resources */ = {isa = PBXBuildFile; fileRef = 11D305EF25D2C0F5000B5018 /* videos.mp4 */; };
		11D305F525D2C8F7000B5018 /* videos3.mp4 in Resources */ = {isa = PBXBuildFile; fileRef = 11D305F425D2C8F7000B5018 /* videos3.mp4 */; };
		11D305FA25D3B82E000B5018 /* Character.swift in Sources */ = {isa = PBXBuildFile; fileRef = 11D305F925D3B82E000B5018 /* Character.swift */; };
		11D305FD25D3BB26000B5018 /* Characters.swift in Sources */ = {isa = PBXBuildFile; fileRef = 11D305FC25D3BB26000B5018 /* Characters.swift */; };
		11D3060125D3F4D1000B5018 /* DescriptionViewController.swift in Sources */ = {isa = PBXBuildFile; fileRef = 11D3060025D3F4D1000B5018 /* DescriptionViewController.swift */; };
		11D3060625D4156D000B5018 /* Assets.xcassets in Resources */ = {isa = PBXBuildFile; fileRef = 11D3060525D4156D000B5018 /* Assets.xcassets */; };
		2678034E10D4251A244CA2E5 /* Pods_StarWars.framework in Frameworks */ = {isa = PBXBuildFile; fileRef = 44550002078CA91879038C46 /* Pods_StarWars.framework */; };
/* End PBXBuildFile section */

/* Begin PBXFileReference section */
		0EB81B854D3EDE289658AEA6 /* Pods-StarWars.release.xcconfig */ = {isa = PBXFileReference; includeInIndex = 1; lastKnownFileType = text.xcconfig; name = "Pods-StarWars.release.xcconfig"; path = "Target Support Files/Pods-StarWars/Pods-StarWars.release.xcconfig"; sourceTree = "<group>"; };
		11D3057E25D168F0000B5018 /* StarWars.app */ = {isa = PBXFileReference; explicitFileType = wrapper.application; includeInIndex = 0; path = StarWars.app; sourceTree = BUILT_PRODUCTS_DIR; };
		11D3058125D168F1000B5018 /* AppDelegate.swift */ = {isa = PBXFileReference; lastKnownFileType = sourcecode.swift; path = AppDelegate.swift; sourceTree = "<group>"; };
		11D3058325D168F1000B5018 /* SceneDelegate.swift */ = {isa = PBXFileReference; lastKnownFileType = sourcecode.swift; path = SceneDelegate.swift; sourceTree = "<group>"; };
		11D3058525D168F1000B5018 /* ViewController.swift */ = {isa = PBXFileReference; lastKnownFileType = sourcecode.swift; path = ViewController.swift; sourceTree = "<group>"; };
		11D3058825D168F1000B5018 /* Base */ = {isa = PBXFileReference; lastKnownFileType = file.storyboard; name = Base; path = Base.lproj/Main.storyboard; sourceTree = "<group>"; };
		11D3058D25D168F5000B5018 /* Base */ = {isa = PBXFileReference; lastKnownFileType = file.storyboard; name = Base; path = Base.lproj/LaunchScreen.storyboard; sourceTree = "<group>"; };
		11D3058F25D168F5000B5018 /* Info.plist */ = {isa = PBXFileReference; lastKnownFileType = text.plist.xml; path = Info.plist; sourceTree = "<group>"; };
		11D3059E25D16A1C000B5018 /* Film.swift */ = {isa = PBXFileReference; lastKnownFileType = sourcecode.swift; path = Film.swift; sourceTree = "<group>"; };
		11D305A125D16AF2000B5018 /* Films.swift */ = {isa = PBXFileReference; lastKnownFileType = sourcecode.swift; path = Films.swift; sourceTree = "<group>"; };
		11D305A725D1982E000B5018 /* FilmCollectionViewCell.swift */ = {isa = PBXFileReference; lastKnownFileType = sourcecode.swift; path = FilmCollectionViewCell.swift; sourceTree = "<group>"; };
		11D305C125D29816000B5018 /* Starjedi.ttf */ = {isa = PBXFileReference; lastKnownFileType = file; path = Starjedi.ttf; sourceTree = "<group>"; };
		11D305C925D2AF9C000B5018 /* Video.swift */ = {isa = PBXFileReference; lastKnownFileType = sourcecode.swift; path = Video.swift; sourceTree = "<group>"; };
		11D305CC25D2B0E5000B5018 /* VideoPlayerView.swift */ = {isa = PBXFileReference; lastKnownFileType = sourcecode.swift; path = VideoPlayerView.swift; sourceTree = "<group>"; };
		11D305CF25D2B15F000B5018 /* VideoLooperView.swift */ = {isa = PBXFileReference; lastKnownFileType = sourcecode.swift; path = VideoLooperView.swift; sourceTree = "<group>"; };
		11D305EE25D2C0F5000B5018 /* videos2.mp4 */ = {isa = PBXFileReference; lastKnownFileType = file; name = videos2.mp4; path = ../../../../../Desktop/videos2.mp4; sourceTree = "<group>"; };
		11D305EF25D2C0F5000B5018 /* videos.mp4 */ = {isa = PBXFileReference; lastKnownFileType = file; name = videos.mp4; path = ../../../../../Desktop/videos.mp4; sourceTree = "<group>"; };
		11D305F425D2C8F7000B5018 /* videos3.mp4 */ = {isa = PBXFileReference; lastKnownFileType = file; name = videos3.mp4; path = ../../../../../Desktop/videos3.mp4; sourceTree = "<group>"; };
		11D305F925D3B82E000B5018 /* Character.swift */ = {isa = PBXFileReference; lastKnownFileType = sourcecode.swift; path = Character.swift; sourceTree = "<group>"; };
		11D305FC25D3BB26000B5018 /* Characters.swift */ = {isa = PBXFileReference; lastKnownFileType = sourcecode.swift; path = Characters.swift; sourceTree = "<group>"; };
		11D3060025D3F4D1000B5018 /* DescriptionViewController.swift */ = {isa = PBXFileReference; lastKnownFileType = sourcecode.swift; path = DescriptionViewController.swift; sourceTree = "<group>"; };
		11D3060525D4156D000B5018 /* Assets.xcassets */ = {isa = PBXFileReference; lastKnownFileType = folder.assetcatalog; name = Assets.xcassets; path = ../../../../.Trash/Assets.xcassets; sourceTree = "<group>"; };
		44550002078CA91879038C46 /* Pods_StarWars.framework */ = {isa = PBXFileReference; explicitFileType = wrapper.framework; includeInIndex = 0; path = Pods_StarWars.framework; sourceTree = BUILT_PRODUCTS_DIR; };
		98C9A36A9947C51629BBDF82 /* Pods-StarWars.debug.xcconfig */ = {isa = PBXFileReference; includeInIndex = 1; lastKnownFileType = text.xcconfig; name = "Pods-StarWars.debug.xcconfig"; path = "Target Support Files/Pods-StarWars/Pods-StarWars.debug.xcconfig"; sourceTree = "<group>"; };
/* End PBXFileReference section */

/* Begin PBXFrameworksBuildPhase section */
		11D3057B25D168F0000B5018 /* Frameworks */ = {
			isa = PBXFrameworksBuildPhase;
			buildActionMask = 2147483647;
			files = (
				2678034E10D4251A244CA2E5 /* Pods_StarWars.framework in Frameworks */,
			);
			runOnlyForDeploymentPostprocessing = 0;
		};
/* End PBXFrameworksBuildPhase section */

/* Begin PBXGroup section */
		11D3057525D168F0000B5018 = {
			isa = PBXGroup;
			children = (
				11D3058025D168F0000B5018 /* StarWars */,
				11D3057F25D168F0000B5018 /* Products */,
				93C8112F3A5E67433FBCEBC3 /* Pods */,
				50647119B299DD0494D8B2BD /* Frameworks */,
			);
			sourceTree = "<group>";
		};
		11D3057F25D168F0000B5018 /* Products */ = {
			isa = PBXGroup;
			children = (
				11D3057E25D168F0000B5018 /* StarWars.app */,
			);
			name = Products;
			sourceTree = "<group>";
		};
		11D3058025D168F0000B5018 /* StarWars */ = {
			isa = PBXGroup;
			children = (
				11D305A525D193CD000B5018 /* View */,
				11D3059D25D169F6000B5018 /* Controllers */,
				11D3059C25D169E5000B5018 /* Networking */,
				11D3059A25D169DB000B5018 /* Models */,
				11D3058125D168F1000B5018 /* AppDelegate.swift */,
				11D3058325D168F1000B5018 /* SceneDelegate.swift */,
				11D3058725D168F1000B5018 /* Main.storyboard */,
				11D3058C25D168F5000B5018 /* LaunchScreen.storyboard */,
				11D3058F25D168F5000B5018 /* Info.plist */,
				11D3060525D4156D000B5018 /* Assets.xcassets */,
				11D305E725D2BFC2000B5018 /* Local videos */,
				11D305BF25D29801000B5018 /* Fonts */,
			);
			path = StarWars;
			sourceTree = "<group>";
		};
		11D3059A25D169DB000B5018 /* Models */ = {
			isa = PBXGroup;
			children = (
				11D305F725D3B50D000B5018 /* Films */,
				11D305C925D2AF9C000B5018 /* Video.swift */,
				11D305F925D3B82E000B5018 /* Character.swift */,
				11D305FC25D3BB26000B5018 /* Characters.swift */,
			);
			path = Models;
			sourceTree = "<group>";
		};
		11D3059C25D169E5000B5018 /* Networking */ = {
			isa = PBXGroup;
			children = (
			);
			path = Networking;
			sourceTree = "<group>";
		};
		11D3059D25D169F6000B5018 /* Controllers */ = {
			isa = PBXGroup;
			children = (
				11D3058525D168F1000B5018 /* ViewController.swift */,
				11D3060025D3F4D1000B5018 /* DescriptionViewController.swift */,
			);
			path = Controllers;
			sourceTree = "<group>";
		};
		11D305A525D193CD000B5018 /* View */ = {
			isa = PBXGroup;
			children = (
				11D305A725D1982E000B5018 /* FilmCollectionViewCell.swift */,
				11D305CF25D2B15F000B5018 /* VideoLooperView.swift */,
				11D305CC25D2B0E5000B5018 /* VideoPlayerView.swift */,
			);
			path = View;
			sourceTree = "<group>";
		};
		11D305BF25D29801000B5018 /* Fonts */ = {
			isa = PBXGroup;
			children = (
				11D305C125D29816000B5018 /* Starjedi.ttf */,
			);
			path = Fonts;
			sourceTree = "<group>";
		};
		11D305E725D2BFC2000B5018 /* Local videos */ = {
			isa = PBXGroup;
			children = (
				11D305EF25D2C0F5000B5018 /* videos.mp4 */,
				11D305EE25D2C0F5000B5018 /* videos2.mp4 */,
				11D305F425D2C8F7000B5018 /* videos3.mp4 */,
			);
			path = "Local videos";
			sourceTree = "<group>";
		};
		11D305F725D3B50D000B5018 /* Films */ = {
			isa = PBXGroup;
			children = (
				11D3059E25D16A1C000B5018 /* Film.swift */,
				11D305A125D16AF2000B5018 /* Films.swift */,
			);
			path = Films;
			sourceTree = "<group>";
		};
		50647119B299DD0494D8B2BD /* Frameworks */ = {
			isa = PBXGroup;
			children = (
				44550002078CA91879038C46 /* Pods_StarWars.framework */,
			);
			name = Frameworks;
			sourceTree = "<group>";
		};
		93C8112F3A5E67433FBCEBC3 /* Pods */ = {
			isa = PBXGroup;
			children = (
				98C9A36A9947C51629BBDF82 /* Pods-StarWars.debug.xcconfig */,
				0EB81B854D3EDE289658AEA6 /* Pods-StarWars.release.xcconfig */,
			);
			path = Pods;
			sourceTree = "<group>";
		};
/* End PBXGroup section */

/* Begin PBXNativeTarget section */
		11D3057D25D168F0000B5018 /* StarWars */ = {
			isa = PBXNativeTarget;
			buildConfigurationList = 11D3059225D168F5000B5018 /* Build configuration list for PBXNativeTarget "StarWars" */;
			buildPhases = (
				01111CC8F65CB7F5E7556EB8 /* [CP] Check Pods Manifest.lock */,
				11D3057A25D168F0000B5018 /* Sources */,
				11D3057B25D168F0000B5018 /* Frameworks */,
				11D3057C25D168F0000B5018 /* Resources */,
				E53E934094049BF6157CA811 /* [CP] Embed Pods Frameworks */,
			);
			buildRules = (
			);
			dependencies = (
			);
			name = StarWars;
			productName = StarWars;
			productReference = 11D3057E25D168F0000B5018 /* StarWars.app */;
			productType = "com.apple.product-type.application";
		};
/* End PBXNativeTarget section */

/* Begin PBXProject section */
		11D3057625D168F0000B5018 /* Project object */ = {
			isa = PBXProject;
			attributes = {
				LastSwiftUpdateCheck = 1230;
				LastUpgradeCheck = 1230;
				TargetAttributes = {
					11D3057D25D168F0000B5018 = {
						CreatedOnToolsVersion = 12.3;
					};
				};
			};
			buildConfigurationList = 11D3057925D168F0000B5018 /* Build configuration list for PBXProject "StarWars" */;
			compatibilityVersion = "Xcode 9.3";
			developmentRegion = en;
			hasScannedForEncodings = 0;
			knownRegions = (
				en,
				Base,
			);
			mainGroup = 11D3057525D168F0000B5018;
			productRefGroup = 11D3057F25D168F0000B5018 /* Products */;
			projectDirPath = "";
			projectRoot = "";
			targets = (
				11D3057D25D168F0000B5018 /* StarWars */,
			);
		};
/* End PBXProject section */

/* Begin PBXResourcesBuildPhase section */
		11D3057C25D168F0000B5018 /* Resources */ = {
			isa = PBXResourcesBuildPhase;
			buildActionMask = 2147483647;
			files = (
				11D3058E25D168F5000B5018 /* LaunchScreen.storyboard in Resources */,
				11D305F025D2C0F5000B5018 /* videos2.mp4 in Resources */,
				11D305C525D29887000B5018 /* Starjedi.ttf in Resources */,
				11D305F125D2C0F5000B5018 /* videos.mp4 in Resources */,
				11D3060625D4156D000B5018 /* Assets.xcassets in Resources */,
				11D3058925D168F1000B5018 /* Main.storyboard in Resources */,
				11D305F525D2C8F7000B5018 /* videos3.mp4 in Resources */,
			);
			runOnlyForDeploymentPostprocessing = 0;
		};
/* End PBXResourcesBuildPhase section */

/* Begin PBXShellScriptBuildPhase section */
		01111CC8F65CB7F5E7556EB8 /* [CP] Check Pods Manifest.lock */ = {
			isa = PBXShellScriptBuildPhase;
			buildActionMask = 2147483647;
			files = (
			);
			inputFileListPaths = (
			);
			inputPaths = (
				"${PODS_PODFILE_DIR_PATH}/Podfile.lock",
				"${PODS_ROOT}/Manifest.lock",
			);
			name = "[CP] Check Pods Manifest.lock";
			outputFileListPaths = (
			);
			outputPaths = (
				"$(DERIVED_FILE_DIR)/Pods-StarWars-checkManifestLockResult.txt",
			);
			runOnlyForDeploymentPostprocessing = 0;
			shellPath = /bin/sh;
			shellScript = "diff \"${PODS_PODFILE_DIR_PATH}/Podfile.lock\" \"${PODS_ROOT}/Manifest.lock\" > /dev/null\nif [ $? != 0 ] ; then\n    # print error to STDERR\n    echo \"error: The sandbox is not in sync with the Podfile.lock. Run 'pod install' or update your CocoaPods installation.\" >&2\n    exit 1\nfi\n# This output is used by Xcode 'outputs' to avoid re-running this script phase.\necho \"SUCCESS\" > \"${SCRIPT_OUTPUT_FILE_0}\"\n";
			showEnvVarsInLog = 0;
		};
		E53E934094049BF6157CA811 /* [CP] Embed Pods Frameworks */ = {
			isa = PBXShellScriptBuildPhase;
			buildActionMask = 2147483647;
			files = (
			);
			inputFileListPaths = (
				"${PODS_ROOT}/Target Support Files/Pods-StarWars/Pods-StarWars-frameworks-${CONFIGURATION}-input-files.xcfilelist",
			);
			name = "[CP] Embed Pods Frameworks";
			outputFileListPaths = (
				"${PODS_ROOT}/Target Support Files/Pods-StarWars/Pods-StarWars-frameworks-${CONFIGURATION}-output-files.xcfilelist",
			);
			runOnlyForDeploymentPostprocessing = 0;
			shellPath = /bin/sh;
			shellScript = "\"${PODS_ROOT}/Target Support Files/Pods-StarWars/Pods-StarWars-frameworks.sh\"\n";
			showEnvVarsInLog = 0;
		};
/* End PBXShellScriptBuildPhase section */

/* Begin PBXSourcesBuildPhase section */
		11D3057A25D168F0000B5018 /* Sources */ = {
			isa = PBXSourcesBuildPhase;
			buildActionMask = 2147483647;
			files = (
				11D3058625D168F1000B5018 /* ViewController.swift in Sources */,
				11D305A225D16AF2000B5018 /* Films.swift in Sources */,
				11D3059F25D16A1C000B5018 /* Film.swift in Sources */,
				11D305FD25D3BB26000B5018 /* Characters.swift in Sources */,
				11D305A825D1982E000B5018 /* FilmCollectionViewCell.swift in Sources */,
				11D3058225D168F1000B5018 /* AppDelegate.swift in Sources */,
				11D305D025D2B15F000B5018 /* VideoLooperView.swift in Sources */,
				11D305CA25D2AF9C000B5018 /* Video.swift in Sources */,
				11D3058425D168F1000B5018 /* SceneDelegate.swift in Sources */,
				11D3060125D3F4D1000B5018 /* DescriptionViewController.swift in Sources */,
				11D305CD25D2B0E5000B5018 /* VideoPlayerView.swift in Sources */,
				11D305FA25D3B82E000B5018 /* Character.swift in Sources */,
			);
			runOnlyForDeploymentPostprocessing = 0;
		};
/* End PBXSourcesBuildPhase section */

/* Begin PBXVariantGroup section */
		11D3058725D168F1000B5018 /* Main.storyboard */ = {
			isa = PBXVariantGroup;
			children = (
				11D3058825D168F1000B5018 /* Base */,
			);
			name = Main.storyboard;
			sourceTree = "<group>";
		};
		11D3058C25D168F5000B5018 /* LaunchScreen.storyboard */ = {
			isa = PBXVariantGroup;
			children = (
				11D3058D25D168F5000B5018 /* Base */,
			);
			name = LaunchScreen.storyboard;
			sourceTree = "<group>";
		};
/* End PBXVariantGroup section */

/* Begin XCBuildConfiguration section */
		11D3059025D168F5000B5018 /* Debug */ = {
			isa = XCBuildConfiguration;
			buildSettings = {
				ALWAYS_SEARCH_USER_PATHS = NO;
				CLANG_ANALYZER_NONNULL = YES;
				CLANG_ANALYZER_NUMBER_OBJECT_CONVERSION = YES_AGGRESSIVE;
				CLANG_CXX_LANGUAGE_STANDARD = "gnu++14";
				CLANG_CXX_LIBRARY = "libc++";
				CLANG_ENABLE_MODULES = YES;
				CLANG_ENABLE_OBJC_ARC = YES;
				CLANG_ENABLE_OBJC_WEAK = YES;
				CLANG_WARN_BLOCK_CAPTURE_AUTORELEASING = YES;
				CLANG_WARN_BOOL_CONVERSION = YES;
				CLANG_WARN_COMMA = YES;
				CLANG_WARN_CONSTANT_CONVERSION = YES;
				CLANG_WARN_DEPRECATED_OBJC_IMPLEMENTATIONS = YES;
				CLANG_WARN_DIRECT_OBJC_ISA_USAGE = YES_ERROR;
				CLANG_WARN_DOCUMENTATION_COMMENTS = YES;
				CLANG_WARN_EMPTY_BODY = YES;
				CLANG_WARN_ENUM_CONVERSION = YES;
				CLANG_WARN_INFINITE_RECURSION = YES;
				CLANG_WARN_INT_CONVERSION = YES;
				CLANG_WARN_NON_LITERAL_NULL_CONVERSION = YES;
				CLANG_WARN_OBJC_IMPLICIT_RETAIN_SELF = YES;
				CLANG_WARN_OBJC_LITERAL_CONVERSION = YES;
				CLANG_WARN_OBJC_ROOT_CLASS = YES_ERROR;
				CLANG_WARN_QUOTED_INCLUDE_IN_FRAMEWORK_HEADER = YES;
				CLANG_WARN_RANGE_LOOP_ANALYSIS = YES;
				CLANG_WARN_STRICT_PROTOTYPES = YES;
				CLANG_WARN_SUSPICIOUS_MOVE = YES;
				CLANG_WARN_UNGUARDED_AVAILABILITY = YES_AGGRESSIVE;
				CLANG_WARN_UNREACHABLE_CODE = YES;
				CLANG_WARN__DUPLICATE_METHOD_MATCH = YES;
				COPY_PHASE_STRIP = NO;
				DEBUG_INFORMATION_FORMAT = dwarf;
				ENABLE_STRICT_OBJC_MSGSEND = YES;
				ENABLE_TESTABILITY = YES;
				GCC_C_LANGUAGE_STANDARD = gnu11;
				GCC_DYNAMIC_NO_PIC = NO;
				GCC_NO_COMMON_BLOCKS = YES;
				GCC_OPTIMIZATION_LEVEL = 0;
				GCC_PREPROCESSOR_DEFINITIONS = (
					"DEBUG=1",
					"$(inherited)",
				);
				GCC_WARN_64_TO_32_BIT_CONVERSION = YES;
				GCC_WARN_ABOUT_RETURN_TYPE = YES_ERROR;
				GCC_WARN_UNDECLARED_SELECTOR = YES;
				GCC_WARN_UNINITIALIZED_AUTOS = YES_AGGRESSIVE;
				GCC_WARN_UNUSED_FUNCTION = YES;
				GCC_WARN_UNUSED_VARIABLE = YES;
				IPHONEOS_DEPLOYMENT_TARGET = 14.3;
				MTL_ENABLE_DEBUG_INFO = INCLUDE_SOURCE;
				MTL_FAST_MATH = YES;
				ONLY_ACTIVE_ARCH = YES;
				SDKROOT = iphoneos;
				SWIFT_ACTIVE_COMPILATION_CONDITIONS = DEBUG;
				SWIFT_OPTIMIZATION_LEVEL = "-Onone";
			};
			name = Debug;
		};
		11D3059125D168F5000B5018 /* Release */ = {
			isa = XCBuildConfiguration;
			buildSettings = {
				ALWAYS_SEARCH_USER_PATHS = NO;
				CLANG_ANALYZER_NONNULL = YES;
				CLANG_ANALYZER_NUMBER_OBJECT_CONVERSION = YES_AGGRESSIVE;
				CLANG_CXX_LANGUAGE_STANDARD = "gnu++14";
				CLANG_CXX_LIBRARY = "libc++";
				CLANG_ENABLE_MODULES = YES;
				CLANG_ENABLE_OBJC_ARC = YES;
				CLANG_ENABLE_OBJC_WEAK = YES;
				CLANG_WARN_BLOCK_CAPTURE_AUTORELEASING = YES;
				CLANG_WARN_BOOL_CONVERSION = YES;
				CLANG_WARN_COMMA = YES;
				CLANG_WARN_CONSTANT_CONVERSION = YES;
				CLANG_WARN_DEPRECATED_OBJC_IMPLEMENTATIONS = YES;
				CLANG_WARN_DIRECT_OBJC_ISA_USAGE = YES_ERROR;
				CLANG_WARN_DOCUMENTATION_COMMENTS = YES;
				CLANG_WARN_EMPTY_BODY = YES;
				CLANG_WARN_ENUM_CONVERSION = YES;
				CLANG_WARN_INFINITE_RECURSION = YES;
				CLANG_WARN_INT_CONVERSION = YES;
				CLANG_WARN_NON_LITERAL_NULL_CONVERSION = YES;
				CLANG_WARN_OBJC_IMPLICIT_RETAIN_SELF = YES;
				CLANG_WARN_OBJC_LITERAL_CONVERSION = YES;
				CLANG_WARN_OBJC_ROOT_CLASS = YES_ERROR;
				CLANG_WARN_QUOTED_INCLUDE_IN_FRAMEWORK_HEADER = YES;
				CLANG_WARN_RANGE_LOOP_ANALYSIS = YES;
				CLANG_WARN_STRICT_PROTOTYPES = YES;
				CLANG_WARN_SUSPICIOUS_MOVE = YES;
				CLANG_WARN_UNGUARDED_AVAILABILITY = YES_AGGRESSIVE;
				CLANG_WARN_UNREACHABLE_CODE = YES;
				CLANG_WARN__DUPLICATE_METHOD_MATCH = YES;
				COPY_PHASE_STRIP = NO;
				DEBUG_INFORMATION_FORMAT = "dwarf-with-dsym";
				ENABLE_NS_ASSERTIONS = NO;
				ENABLE_STRICT_OBJC_MSGSEND = YES;
				GCC_C_LANGUAGE_STANDARD = gnu11;
				GCC_NO_COMMON_BLOCKS = YES;
				GCC_WARN_64_TO_32_BIT_CONVERSION = YES;
				GCC_WARN_ABOUT_RETURN_TYPE = YES_ERROR;
				GCC_WARN_UNDECLARED_SELECTOR = YES;
				GCC_WARN_UNINITIALIZED_AUTOS = YES_AGGRESSIVE;
				GCC_WARN_UNUSED_FUNCTION = YES;
				GCC_WARN_UNUSED_VARIABLE = YES;
				IPHONEOS_DEPLOYMENT_TARGET = 14.3;
				MTL_ENABLE_DEBUG_INFO = NO;
				MTL_FAST_MATH = YES;
				SDKROOT = iphoneos;
				SWIFT_COMPILATION_MODE = wholemodule;
				SWIFT_OPTIMIZATION_LEVEL = "-O";
				VALIDATE_PRODUCT = YES;
			};
			name = Release;
		};
		11D3059325D168F5000B5018 /* Debug */ = {
			isa = XCBuildConfiguration;
			baseConfigurationReference = 98C9A36A9947C51629BBDF82 /* Pods-StarWars.debug.xcconfig */;
			buildSettings = {
				ASSETCATALOG_COMPILER_APPICON_NAME = AppIcon;
				ASSETCATALOG_COMPILER_GLOBAL_ACCENT_COLOR_NAME = AccentColor;
				CODE_SIGN_STYLE = Automatic;
				INFOPLIST_FILE = StarWars/Info.plist;
				LD_RUNPATH_SEARCH_PATHS = (
					"$(inherited)",
					"@executable_path/Frameworks",
				);
				PRODUCT_BUNDLE_IDENTIFIER = i.StarWars;
				PRODUCT_NAME = "$(TARGET_NAME)";
				SWIFT_VERSION = 5.0;
				TARGETED_DEVICE_FAMILY = "1,2";
			};
			name = Debug;
		};
		11D3059425D168F5000B5018 /* Release */ = {
			isa = XCBuildConfiguration;
			baseConfigurationReference = 0EB81B854D3EDE289658AEA6 /* Pods-StarWars.release.xcconfig */;
			buildSettings = {
				ASSETCATALOG_COMPILER_APPICON_NAME = AppIcon;
				ASSETCATALOG_COMPILER_GLOBAL_ACCENT_COLOR_NAME = AccentColor;
				CODE_SIGN_STYLE = Automatic;
				INFOPLIST_FILE = StarWars/Info.plist;
				LD_RUNPATH_SEARCH_PATHS = (
					"$(inherited)",
					"@executable_path/Frameworks",
				);
				PRODUCT_BUNDLE_IDENTIFIER = i.StarWars;
				PRODUCT_NAME = "$(TARGET_NAME)";
				SWIFT_VERSION = 5.0;
				TARGETED_DEVICE_FAMILY = "1,2";
			};
			name = Release;
		};
/* End XCBuildConfiguration section */

/* Begin XCConfigurationList section */
		11D3057925D168F0000B5018 /* Build configuration list for PBXProject "StarWars" */ = {
			isa = XCConfigurationList;
			buildConfigurations = (
				11D3059025D168F5000B5018 /* Debug */,
				11D3059125D168F5000B5018 /* Release */,
			);
			defaultConfigurationIsVisible = 0;
			defaultConfigurationName = Release;
		};
		11D3059225D168F5000B5018 /* Build configuration list for PBXNativeTarget "StarWars" */ = {
			isa = XCConfigurationList;
			buildConfigurations = (
				11D3059325D168F5000B5018 /* Debug */,
				11D3059425D168F5000B5018 /* Release */,
			);
			defaultConfigurationIsVisible = 0;
			defaultConfigurationName = Release;
		};
/* End XCConfigurationList section */
	};
	rootObject = 11D3057625D168F0000B5018 /* Project object */;
}
